
Microsoft Visual Studio Solution File, Format Version 12.00
# Visual Studio 15
VisualStudioVersion = 15.0.28010.2050
MinimumVisualStudioVersion = 10.0.40219.1
Project("{FAE04EC0-301F-11D3-BF4B-00C04F79EFBC}") = "rsa", "rsa\rsa.csproj", "{DA59C980-84BD-47C3-B0EE-FA5E66311C02}"
EndProject
Global
	GlobalSection(SolutionConfigurationPlatforms) = preSolution
		Debug|Any CPU = Debug|Any CPU
		Release|Any CPU = Release|Any CPU
	EndGlobalSection
	GlobalSection(ProjectConfigurationPlatforms) = postSolution
		{DA59C980-84BD-47C3-B0EE-FA5E66311C02}.Debug|Any CPU.ActiveCfg = Debug|Any CPU
		{DA59C980-84BD-47C3-B0EE-FA5E66311C02}.Debug|Any CPU.Build.0 = Debug|Any CPU
		{DA59C980-84BD-47C3-B0EE-FA5E66311C02}.Release|Any CPU.ActiveCfg = Release|Any CPU
		{DA59C980-84BD-47C3-B0EE-FA5E66311C02}.Release|Any CPU.Build.0 = Release|Any CPU
	EndGlobalSection
	GlobalSection(SolutionProperties) = preSolution
		HideSolutionNode = FALSE
	EndGlobalSection
	GlobalSection(ExtensibilityGlobals) = postSolution
		SolutionGuid = {6584D513-0651-499E-9759-190C9B4D34E2}
	EndGlobalSection
EndGlobal
