
Microsoft Visual Studio Solution File, Format Version 12.00
# Visual Studio 15
VisualStudioVersion = 15.0.28307.421
MinimumVisualStudioVersion = 10.0.40219.1
Project("{39E2626F-3545-4960-A6E8-258AD8476CE5}") = "pc_controller", "pc_controller\pc_controller.androidproj", "{69B4606C-A756-4AC1-B22B-5775E84DAD92}"
EndProject
Global
	GlobalSection(SolutionConfigurationPlatforms) = preSolution
		Debug|ARM = Debug|ARM
		Debug|ARM64 = Debug|ARM64
		Debug|x64 = Debug|x64
		Debug|x86 = Debug|x86
		Release|ARM = Release|ARM
		Release|ARM64 = Release|ARM64
		Release|x64 = Release|x64
		Release|x86 = Release|x86
	EndGlobalSection
	GlobalSection(ProjectConfigurationPlatforms) = postSolution
		{69B4606C-A756-4AC1-B22B-5775E84DAD92}.Debug|ARM.ActiveCfg = Debug|ARM
		{69B4606C-A756-4AC1-B22B-5775E84DAD92}.Debug|ARM.Build.0 = Debug|ARM
		{69B4606C-A756-4AC1-B22B-5775E84DAD92}.Debug|ARM.Deploy.0 = Debug|ARM
		{69B4606C-A756-4AC1-B22B-5775E84DAD92}.Debug|ARM64.ActiveCfg = Debug|ARM64
		{69B4606C-A756-4AC1-B22B-5775E84DAD92}.Debug|ARM64.Build.0 = Debug|ARM64
		{69B4606C-A756-4AC1-B22B-5775E84DAD92}.Debug|ARM64.Deploy.0 = Debug|ARM64
		{69B4606C-A756-4AC1-B22B-5775E84DAD92}.Debug|x64.ActiveCfg = Debug|x64
		{69B4606C-A756-4AC1-B22B-5775E84DAD92}.Debug|x64.Build.0 = Debug|x64
		{69B4606C-A756-4AC1-B22B-5775E84DAD92}.Debug|x64.Deploy.0 = Debug|x64
		{69B4606C-A756-4AC1-B22B-5775E84DAD92}.Debug|x86.ActiveCfg = Debug|x86
		{69B4606C-A756-4AC1-B22B-5775E84DAD92}.Debug|x86.Build.0 = Debug|x86
		{69B4606C-A756-4AC1-B22B-5775E84DAD92}.Debug|x86.Deploy.0 = Debug|x86
		{69B4606C-A756-4AC1-B22B-5775E84DAD92}.Release|ARM.ActiveCfg = Release|ARM
		{69B4606C-A756-4AC1-B22B-5775E84DAD92}.Release|ARM.Build.0 = Release|ARM
		{69B4606C-A756-4AC1-B22B-5775E84DAD92}.Release|ARM.Deploy.0 = Release|ARM
		{69B4606C-A756-4AC1-B22B-5775E84DAD92}.Release|ARM64.ActiveCfg = Release|ARM64
		{69B4606C-A756-4AC1-B22B-5775E84DAD92}.Release|ARM64.Build.0 = Release|ARM64
		{69B4606C-A756-4AC1-B22B-5775E84DAD92}.Release|ARM64.Deploy.0 = Release|ARM64
		{69B4606C-A756-4AC1-B22B-5775E84DAD92}.Release|x64.ActiveCfg = Release|x64
		{69B4606C-A756-4AC1-B22B-5775E84DAD92}.Release|x64.Build.0 = Release|x64
		{69B4606C-A756-4AC1-B22B-5775E84DAD92}.Release|x64.Deploy.0 = Release|x64
		{69B4606C-A756-4AC1-B22B-5775E84DAD92}.Release|x86.ActiveCfg = Release|x86
		{69B4606C-A756-4AC1-B22B-5775E84DAD92}.Release|x86.Build.0 = Release|x86
		{69B4606C-A756-4AC1-B22B-5775E84DAD92}.Release|x86.Deploy.0 = Release|x86
	EndGlobalSection
	GlobalSection(SolutionProperties) = preSolution
		HideSolutionNode = FALSE
	EndGlobalSection
	GlobalSection(ExtensibilityGlobals) = postSolution
		SolutionGuid = {4E223DAC-814F-46D2-A871-80B82585B1D8}
	EndGlobalSection
EndGlobal
